
Microsoft Visual Studio Solution File, Format Version 12.00
# Visual Studio 15
VisualStudioVersion = 15.0.27703.2035
MinimumVisualStudioVersion = 10.0.40219.1
Project("{9A19103F-16F7-4668-BE54-9A1E7A4F7556}") = "AdApp", "AdApp\AdApp.csproj", "{90F4DFCA-2121-46B1-A01F-8F787EE3AA81}"
EndProject
Project("{FAE04EC0-301F-11D3-BF4B-00C04F79EFBC}") = "AdData", "AdData\AdData.csproj", "{FAA65618-7CD8-4311-8474-E5F7FD74C54F}"
EndProject
Global
	GlobalSection(SolutionConfigurationPlatforms) = preSolution
		Debug|Any CPU = Debug|Any CPU
		Release|Any CPU = Release|Any CPU
	EndGlobalSection
	GlobalSection(ProjectConfigurationPlatforms) = postSolution
		{90F4DFCA-2121-46B1-A01F-8F787EE3AA81}.Debug|Any CPU.ActiveCfg = Debug|Any CPU
		{90F4DFCA-2121-46B1-A01F-8F787EE3AA81}.Debug|Any CPU.Build.0 = Debug|Any CPU
		{90F4DFCA-2121-46B1-A01F-8F787EE3AA81}.Release|Any CPU.ActiveCfg = Release|Any CPU
		{90F4DFCA-2121-46B1-A01F-8F787EE3AA81}.Release|Any CPU.Build.0 = Release|Any CPU
		{FAA65618-7CD8-4311-8474-E5F7FD74C54F}.Debug|Any CPU.ActiveCfg = Debug|Any CPU
		{FAA65618-7CD8-4311-8474-E5F7FD74C54F}.Debug|Any CPU.Build.0 = Debug|Any CPU
		{FAA65618-7CD8-4311-8474-E5F7FD74C54F}.Release|Any CPU.ActiveCfg = Release|Any CPU
		{FAA65618-7CD8-4311-8474-E5F7FD74C54F}.Release|Any CPU.Build.0 = Release|Any CPU
	EndGlobalSection
	GlobalSection(SolutionProperties) = preSolution
		HideSolutionNode = FALSE
	EndGlobalSection
	GlobalSection(ExtensibilityGlobals) = postSolution
		SolutionGuid = {3B431FED-D0B5-4016-9FC7-FCBC7B33C8DF}
	EndGlobalSection
EndGlobal
